
Microsoft Visual Studio Solution File, Format Version 12.00
# Visual Studio Version 16
VisualStudioVersion = 16.0.31410.357
MinimumVisualStudioVersion = 10.0.40219.1
Project("{FAE04EC0-301F-11D3-BF4B-00C04F79EFBC}") = "SeasonalWorker", "SeasonalWorker\SeasonalWorker.csproj", "{0F36FB62-8664-4D1C-97D1-A75D9B3DF049}"
EndProject
Global
	GlobalSection(SolutionConfigurationPlatforms) = preSolution
		Debug|Any CPU = Debug|Any CPU
		Release|Any CPU = Release|Any CPU
	EndGlobalSection
	GlobalSection(ProjectConfigurationPlatforms) = postSolution
		{0F36FB62-8664-4D1C-97D1-A75D9B3DF049}.Debug|Any CPU.ActiveCfg = Debug|Any CPU
		{0F36FB62-8664-4D1C-97D1-A75D9B3DF049}.Debug|Any CPU.Build.0 = Debug|Any CPU
		{0F36FB62-8664-4D1C-97D1-A75D9B3DF049}.Release|Any CPU.ActiveCfg = Release|Any CPU
		{0F36FB62-8664-4D1C-97D1-A75D9B3DF049}.Release|Any CPU.Build.0 = Release|Any CPU
	EndGlobalSection
	GlobalSection(SolutionProperties) = preSolution
		HideSolutionNode = FALSE
	EndGlobalSection
	GlobalSection(ExtensibilityGlobals) = postSolution
		SolutionGuid = {03DD61CF-D622-4675-8DCA-923CA883E657}
	EndGlobalSection
EndGlobal
